
Microsoft Visual Studio Solution File, Format Version 12.00
# Visual Studio Version 17
VisualStudioVersion = 17.0.31903.59
MinimumVisualStudioVersion = 10.0.40219.1
Project("{FAE04EC0-301F-11D3-BF4B-00C04F79EFBC}") = "AIHub.Windows", "windows-native\AIHub.Windows.csproj", "{A50BED82-4BAE-49BB-A1C8-9B84B79B704C}"
EndProject
Project("{FAE04EC0-301F-11D3-BF4B-00C04F79EFBC}") = "AIHub.Windows.Tests", "windows-native-tests\AIHub.Windows.Tests.csproj", "{7325BFE3-0C31-4E3B-8D80-7FC1BF6BDD2B}"
EndProject
Global
	GlobalSection(SolutionConfigurationPlatforms) = preSolution
		Debug|Any CPU = Debug|Any CPU
		Release|Any CPU = Release|Any CPU
	EndGlobalSection
	GlobalSection(SolutionProperties) = preSolution
		HideSolutionNode = FALSE
	EndGlobalSection
	GlobalSection(ProjectConfigurationPlatforms) = postSolution
		{A50BED82-4BAE-49BB-A1C8-9B84B79B704C}.Debug|Any CPU.ActiveCfg = Debug|Any CPU
		{A50BED82-4BAE-49BB-A1C8-9B84B79B704C}.Debug|Any CPU.Build.0 = Debug|Any CPU
		{A50BED82-4BAE-49BB-A1C8-9B84B79B704C}.Release|Any CPU.ActiveCfg = Release|Any CPU
		{A50BED82-4BAE-49BB-A1C8-9B84B79B704C}.Release|Any CPU.Build.0 = Release|Any CPU
		{7325BFE3-0C31-4E3B-8D80-7FC1BF6BDD2B}.Debug|Any CPU.ActiveCfg = Debug|Any CPU
		{7325BFE3-0C31-4E3B-8D80-7FC1BF6BDD2B}.Debug|Any CPU.Build.0 = Debug|Any CPU
		{7325BFE3-0C31-4E3B-8D80-7FC1BF6BDD2B}.Release|Any CPU.ActiveCfg = Release|Any CPU
		{7325BFE3-0C31-4E3B-8D80-7FC1BF6BDD2B}.Release|Any CPU.Build.0 = Release|Any CPU
	EndGlobalSection
EndGlobal
